// !$*UTF8*$!
{
	archiveVersion = 1;
	classes = {
	};
	objectVersion = 56;
	objects = {

/* Begin PBXBuildFile section */
		42357B0228E6923500238FAF /* FrontPageTableViewCell.swift in Sources */ = {isa = PBXBuildFile; fileRef = 42357B0128E6923500238FAF /* FrontPageTableViewCell.swift */; };
		426F459928F500580085B586 /* VideoViewController.swift in Sources */ = {isa = PBXBuildFile; fileRef = 426F459828F500580085B586 /* VideoViewController.swift */; };
		426F459B28F502610085B586 /* AccountViewController.swift in Sources */ = {isa = PBXBuildFile; fileRef = 426F459A28F502610085B586 /* AccountViewController.swift */; };
		427E891228E420E900BE21D5 /* AppDelegate.swift in Sources */ = {isa = PBXBuildFile; fileRef = 427E891128E420E900BE21D5 /* AppDelegate.swift */; };
		427E891428E420E900BE21D5 /* SceneDelegate.swift in Sources */ = {isa = PBXBuildFile; fileRef = 427E891328E420E900BE21D5 /* SceneDelegate.swift */; };
		427E891628E420E900BE21D5 /* ViewController.swift in Sources */ = {isa = PBXBuildFile; fileRef = 427E891528E420E900BE21D5 /* ViewController.swift */; };
		427E891928E420E900BE21D5 /* Main.storyboard in Resources */ = {isa = PBXBuildFile; fileRef = 427E891728E420E900BE21D5 /* Main.storyboard */; };
		427E891C28E420E900BE21D5 /* IGApp.xcdatamodeld in Sources */ = {isa = PBXBuildFile; fileRef = 427E891A28E420E900BE21D5 /* IGApp.xcdatamodeld */; };
		427E891E28E420EB00BE21D5 /* Assets.xcassets in Resources */ = {isa = PBXBuildFile; fileRef = 427E891D28E420EB00BE21D5 /* Assets.xcassets */; };
		427E892128E420EB00BE21D5 /* LaunchScreen.storyboard in Resources */ = {isa = PBXBuildFile; fileRef = 427E891F28E420EB00BE21D5 /* LaunchScreen.storyboard */; };
		427E892A28E422BE00BE21D5 /* NetWorkController.swift in Sources */ = {isa = PBXBuildFile; fileRef = 427E892928E422BE00BE21D5 /* NetWorkController.swift */; };
		42AC351228ED202E00FAB379 /* CommentModel.swift in Sources */ = {isa = PBXBuildFile; fileRef = 42AC351128ED202E00FAB379 /* CommentModel.swift */; };
		42AC351428ED5AB000FAB379 /* ImageDataModel.swift in Sources */ = {isa = PBXBuildFile; fileRef = 42AC351328ED5AB000FAB379 /* ImageDataModel.swift */; };
		42B1143B28EE68DC0012DF03 /* postDataModel.swift in Sources */ = {isa = PBXBuildFile; fileRef = 42B1143A28EE68DC0012DF03 /* postDataModel.swift */; };
		42B1143E28EE77BB0012DF03 /* Kingfisher in Frameworks */ = {isa = PBXBuildFile; productRef = 42B1143D28EE77BB0012DF03 /* Kingfisher */; };
		42B1144028EEBAEC0012DF03 /* MessageTableViewCell.swift in Sources */ = {isa = PBXBuildFile; fileRef = 42B1143F28EEBAEC0012DF03 /* MessageTableViewCell.swift */; };
		42B1144228EEBB4B0012DF03 /* MessageViewController.swift in Sources */ = {isa = PBXBuildFile; fileRef = 42B1144128EEBB4B0012DF03 /* MessageViewController.swift */; };
		42B1900528E52BCF00ACF865 /* FrontPageViewController.swift in Sources */ = {isa = PBXBuildFile; fileRef = 42B1900428E52BCF00ACF865 /* FrontPageViewController.swift */; };
		42BE29FB28F00FDE008BE0CC /* FirstCommentTableViewCell.swift in Sources */ = {isa = PBXBuildFile; fileRef = 42BE29FA28F00FDE008BE0CC /* FirstCommentTableViewCell.swift */; };
		42BE29FD28F020CA008BE0CC /* VideoModel.swift in Sources */ = {isa = PBXBuildFile; fileRef = 42BE29FC28F020CA008BE0CC /* VideoModel.swift */; };
/* End PBXBuildFile section */

/* Begin PBXFileReference section */
		42357B0128E6923500238FAF /* FrontPageTableViewCell.swift */ = {isa = PBXFileReference; lastKnownFileType = sourcecode.swift; path = FrontPageTableViewCell.swift; sourceTree = "<group>"; };
		426F459828F500580085B586 /* VideoViewController.swift */ = {isa = PBXFileReference; lastKnownFileType = sourcecode.swift; path = VideoViewController.swift; sourceTree = "<group>"; };
		426F459A28F502610085B586 /* AccountViewController.swift */ = {isa = PBXFileReference; lastKnownFileType = sourcecode.swift; path = AccountViewController.swift; sourceTree = "<group>"; };
		427E890E28E420E900BE21D5 /* IGApp.app */ = {isa = PBXFileReference; explicitFileType = wrapper.application; includeInIndex = 0; path = IGApp.app; sourceTree = BUILT_PRODUCTS_DIR; };
		427E891128E420E900BE21D5 /* AppDelegate.swift */ = {isa = PBXFileReference; lastKnownFileType = sourcecode.swift; path = AppDelegate.swift; sourceTree = "<group>"; };
		427E891328E420E900BE21D5 /* SceneDelegate.swift */ = {isa = PBXFileReference; lastKnownFileType = sourcecode.swift; path = SceneDelegate.swift; sourceTree = "<group>"; };
		427E891528E420E900BE21D5 /* ViewController.swift */ = {isa = PBXFileReference; lastKnownFileType = sourcecode.swift; path = ViewController.swift; sourceTree = "<group>"; };
		427E891828E420E900BE21D5 /* Base */ = {isa = PBXFileReference; lastKnownFileType = file.storyboard; name = Base; path = Base.lproj/Main.storyboard; sourceTree = "<group>"; };
		427E891B28E420E900BE21D5 /* IGApp.xcdatamodel */ = {isa = PBXFileReference; lastKnownFileType = wrapper.xcdatamodel; path = IGApp.xcdatamodel; sourceTree = "<group>"; };
		427E891D28E420EB00BE21D5 /* Assets.xcassets */ = {isa = PBXFileReference; lastKnownFileType = folder.assetcatalog; path = Assets.xcassets; sourceTree = "<group>"; };
		427E892028E420EB00BE21D5 /* Base */ = {isa = PBXFileReference; lastKnownFileType = file.storyboard; name = Base; path = Base.lproj/LaunchScreen.storyboard; sourceTree = "<group>"; };
		427E892228E420EB00BE21D5 /* Info.plist */ = {isa = PBXFileReference; lastKnownFileType = text.plist.xml; path = Info.plist; sourceTree = "<group>"; };
		427E892928E422BE00BE21D5 /* NetWorkController.swift */ = {isa = PBXFileReference; lastKnownFileType = sourcecode.swift; path = NetWorkController.swift; sourceTree = "<group>"; };
		42AC351128ED202E00FAB379 /* CommentModel.swift */ = {isa = PBXFileReference; lastKnownFileType = sourcecode.swift; path = CommentModel.swift; sourceTree = "<group>"; };
		42AC351328ED5AB000FAB379 /* ImageDataModel.swift */ = {isa = PBXFileReference; lastKnownFileType = sourcecode.swift; path = ImageDataModel.swift; sourceTree = "<group>"; };
		42B1143A28EE68DC0012DF03 /* postDataModel.swift */ = {isa = PBXFileReference; lastKnownFileType = sourcecode.swift; path = postDataModel.swift; sourceTree = "<group>"; };
		42B1143F28EEBAEC0012DF03 /* MessageTableViewCell.swift */ = {isa = PBXFileReference; lastKnownFileType = sourcecode.swift; path = MessageTableViewCell.swift; sourceTree = "<group>"; };
		42B1144128EEBB4B0012DF03 /* MessageViewController.swift */ = {isa = PBXFileReference; lastKnownFileType = sourcecode.swift; path = MessageViewController.swift; sourceTree = "<group>"; };
		42B1900428E52BCF00ACF865 /* FrontPageViewController.swift */ = {isa = PBXFileReference; lastKnownFileType = sourcecode.swift; path = FrontPageViewController.swift; sourceTree = "<group>"; };
		42BE29FA28F00FDE008BE0CC /* FirstCommentTableViewCell.swift */ = {isa = PBXFileReference; lastKnownFileType = sourcecode.swift; path = FirstCommentTableViewCell.swift; sourceTree = "<group>"; };
		42BE29FC28F020CA008BE0CC /* VideoModel.swift */ = {isa = PBXFileReference; lastKnownFileType = sourcecode.swift; path = VideoModel.swift; sourceTree = "<group>"; };
/* End PBXFileReference section */

/* Begin PBXFrameworksBuildPhase section */
		427E890B28E420E900BE21D5 /* Frameworks */ = {
			isa = PBXFrameworksBuildPhase;
			buildActionMask = 2147483647;
			files = (
				42B1143E28EE77BB0012DF03 /* Kingfisher in Frameworks */,
			);
			runOnlyForDeploymentPostprocessing = 0;
		};
/* End PBXFrameworksBuildPhase section */

/* Begin PBXGroup section */
		42357B0328E6923A00238FAF /* View */ = {
			isa = PBXGroup;
			children = (
				42357B0128E6923500238FAF /* FrontPageTableViewCell.swift */,
				42B1143F28EEBAEC0012DF03 /* MessageTableViewCell.swift */,
				42BE29FA28F00FDE008BE0CC /* FirstCommentTableViewCell.swift */,
			);
			path = View;
			sourceTree = "<group>";
		};
		427E890528E420E900BE21D5 = {
			isa = PBXGroup;
			children = (
				42AC351028ED14E400FAB379 /* Model */,
				42357B0328E6923A00238FAF /* View */,
				427E892828E4212400BE21D5 /* Class */,
				427E891028E420E900BE21D5 /* IGApp */,
				427E890F28E420E900BE21D5 /* Products */,
			);
			sourceTree = "<group>";
		};
		427E890F28E420E900BE21D5 /* Products */ = {
			isa = PBXGroup;
			children = (
				427E890E28E420E900BE21D5 /* IGApp.app */,
			);
			name = Products;
			sourceTree = "<group>";
		};
		427E891028E420E900BE21D5 /* IGApp */ = {
			isa = PBXGroup;
			children = (
				427E891128E420E900BE21D5 /* AppDelegate.swift */,
				427E891328E420E900BE21D5 /* SceneDelegate.swift */,
				427E891528E420E900BE21D5 /* ViewController.swift */,
				427E891728E420E900BE21D5 /* Main.storyboard */,
				426F459A28F502610085B586 /* AccountViewController.swift */,
				426F459828F500580085B586 /* VideoViewController.swift */,
				42B1900428E52BCF00ACF865 /* FrontPageViewController.swift */,
				42B1144128EEBB4B0012DF03 /* MessageViewController.swift */,
				427E891D28E420EB00BE21D5 /* Assets.xcassets */,
				427E891F28E420EB00BE21D5 /* LaunchScreen.storyboard */,
				427E892228E420EB00BE21D5 /* Info.plist */,
				427E891A28E420E900BE21D5 /* IGApp.xcdatamodeld */,
			);
			path = IGApp;
			sourceTree = "<group>";
		};
		427E892828E4212400BE21D5 /* Class */ = {
			isa = PBXGroup;
			children = (
				427E892928E422BE00BE21D5 /* NetWorkController.swift */,
			);
			path = Class;
			sourceTree = "<group>";
		};
		42AC351028ED14E400FAB379 /* Model */ = {
			isa = PBXGroup;
			children = (
				42AC351128ED202E00FAB379 /* CommentModel.swift */,
				42AC351328ED5AB000FAB379 /* ImageDataModel.swift */,
				42B1143A28EE68DC0012DF03 /* postDataModel.swift */,
				42BE29FC28F020CA008BE0CC /* VideoModel.swift */,
			);
			path = Model;
			sourceTree = "<group>";
		};
/* End PBXGroup section */

/* Begin PBXNativeTarget section */
		427E890D28E420E900BE21D5 /* IGApp */ = {
			isa = PBXNativeTarget;
			buildConfigurationList = 427E892528E420EB00BE21D5 /* Build configuration list for PBXNativeTarget "IGApp" */;
			buildPhases = (
				427E890A28E420E900BE21D5 /* Sources */,
				427E890B28E420E900BE21D5 /* Frameworks */,
				427E890C28E420E900BE21D5 /* Resources */,
			);
			buildRules = (
			);
			dependencies = (
			);
			name = IGApp;
			packageProductDependencies = (
				42B1143D28EE77BB0012DF03 /* Kingfisher */,
			);
			productName = IGApp;
			productReference = 427E890E28E420E900BE21D5 /* IGApp.app */;
			productType = "com.apple.product-type.application";
		};
/* End PBXNativeTarget section */

/* Begin PBXProject section */
		427E890628E420E900BE21D5 /* Project object */ = {
			isa = PBXProject;
			attributes = {
				BuildIndependentTargetsInParallel = 1;
				LastSwiftUpdateCheck = 1400;
				LastUpgradeCheck = 1400;
				TargetAttributes = {
					427E890D28E420E900BE21D5 = {
						CreatedOnToolsVersion = 14.0;
					};
				};
			};
			buildConfigurationList = 427E890928E420E900BE21D5 /* Build configuration list for PBXProject "IGApp" */;
			compatibilityVersion = "Xcode 14.0";
			developmentRegion = en;
			hasScannedForEncodings = 0;
			knownRegions = (
				en,
				Base,
			);
			mainGroup = 427E890528E420E900BE21D5;
			packageReferences = (
				42B1143C28EE77BB0012DF03 /* XCRemoteSwiftPackageReference "Kingfisher" */,
			);
			productRefGroup = 427E890F28E420E900BE21D5 /* Products */;
			projectDirPath = "";
			projectRoot = "";
			targets = (
				427E890D28E420E900BE21D5 /* IGApp */,
			);
		};
/* End PBXProject section */

/* Begin PBXResourcesBuildPhase section */
		427E890C28E420E900BE21D5 /* Resources */ = {
			isa = PBXResourcesBuildPhase;
			buildActionMask = 2147483647;
			files = (
				427E892128E420EB00BE21D5 /* LaunchScreen.storyboard in Resources */,
				427E891E28E420EB00BE21D5 /* Assets.xcassets in Resources */,
				427E891928E420E900BE21D5 /* Main.storyboard in Resources */,
			);
			runOnlyForDeploymentPostprocessing = 0;
		};
/* End PBXResourcesBuildPhase section */

/* Begin PBXSourcesBuildPhase section */
		427E890A28E420E900BE21D5 /* Sources */ = {
			isa = PBXSourcesBuildPhase;
			buildActionMask = 2147483647;
			files = (
				42357B0228E6923500238FAF /* FrontPageTableViewCell.swift in Sources */,
				42AC351228ED202E00FAB379 /* CommentModel.swift in Sources */,
				426F459B28F502610085B586 /* AccountViewController.swift in Sources */,
				427E891628E420E900BE21D5 /* ViewController.swift in Sources */,
				42BE29FD28F020CA008BE0CC /* VideoModel.swift in Sources */,
				427E891228E420E900BE21D5 /* AppDelegate.swift in Sources */,
				42B1144028EEBAEC0012DF03 /* MessageTableViewCell.swift in Sources */,
				427E891428E420E900BE21D5 /* SceneDelegate.swift in Sources */,
				42BE29FB28F00FDE008BE0CC /* FirstCommentTableViewCell.swift in Sources */,
				426F459928F500580085B586 /* VideoViewController.swift in Sources */,
				42AC351428ED5AB000FAB379 /* ImageDataModel.swift in Sources */,
				42B1900528E52BCF00ACF865 /* FrontPageViewController.swift in Sources */,
				427E891C28E420E900BE21D5 /* IGApp.xcdatamodeld in Sources */,
				427E892A28E422BE00BE21D5 /* NetWorkController.swift in Sources */,
				42B1144228EEBB4B0012DF03 /* MessageViewController.swift in Sources */,
				42B1143B28EE68DC0012DF03 /* postDataModel.swift in Sources */,
			);
			runOnlyForDeploymentPostprocessing = 0;
		};
/* End PBXSourcesBuildPhase section */

/* Begin PBXVariantGroup section */
		427E891728E420E900BE21D5 /* Main.storyboard */ = {
			isa = PBXVariantGroup;
			children = (
				427E891828E420E900BE21D5 /* Base */,
			);
			name = Main.storyboard;
			sourceTree = "<group>";
		};
		427E891F28E420EB00BE21D5 /* LaunchScreen.storyboard */ = {
			isa = PBXVariantGroup;
			children = (
				427E892028E420EB00BE21D5 /* Base */,
			);
			name = LaunchScreen.storyboard;
			sourceTree = "<group>";
		};
/* End PBXVariantGroup section */

/* Begin XCBuildConfiguration section */
		427E892328E420EB00BE21D5 /* Debug */ = {
			isa = XCBuildConfiguration;
			buildSettings = {
				ALWAYS_SEARCH_USER_PATHS = NO;
				CLANG_ANALYZER_NONNULL = YES;
				CLANG_ANALYZER_NUMBER_OBJECT_CONVERSION = YES_AGGRESSIVE;
				CLANG_CXX_LANGUAGE_STANDARD = "gnu++20";
				CLANG_ENABLE_MODULES = YES;
				CLANG_ENABLE_OBJC_ARC = YES;
				CLANG_ENABLE_OBJC_WEAK = YES;
				CLANG_WARN_BLOCK_CAPTURE_AUTORELEASING = YES;
				CLANG_WARN_BOOL_CONVERSION = YES;
				CLANG_WARN_COMMA = YES;
				CLANG_WARN_CONSTANT_CONVERSION = YES;
				CLANG_WARN_DEPRECATED_OBJC_IMPLEMENTATIONS = YES;
				CLANG_WARN_DIRECT_OBJC_ISA_USAGE = YES_ERROR;
				CLANG_WARN_DOCUMENTATION_COMMENTS = YES;
				CLANG_WARN_EMPTY_BODY = YES;
				CLANG_WARN_ENUM_CONVERSION = YES;
				CLANG_WARN_INFINITE_RECURSION = YES;
				CLANG_WARN_INT_CONVERSION = YES;
				CLANG_WARN_NON_LITERAL_NULL_CONVERSION = YES;
				CLANG_WARN_OBJC_IMPLICIT_RETAIN_SELF = YES;
				CLANG_WARN_OBJC_LITERAL_CONVERSION = YES;
				CLANG_WARN_OBJC_ROOT_CLASS = YES_ERROR;
				CLANG_WARN_QUOTED_INCLUDE_IN_FRAMEWORK_HEADER = YES;
				CLANG_WARN_RANGE_LOOP_ANALYSIS = YES;
				CLANG_WARN_STRICT_PROTOTYPES = YES;
				CLANG_WARN_SUSPICIOUS_MOVE = YES;
				CLANG_WARN_UNGUARDED_AVAILABILITY = YES_AGGRESSIVE;
				CLANG_WARN_UNREACHABLE_CODE = YES;
				CLANG_WARN__DUPLICATE_METHOD_MATCH = YES;
				COPY_PHASE_STRIP = NO;
				DEBUG_INFORMATION_FORMAT = dwarf;
				ENABLE_STRICT_OBJC_MSGSEND = YES;
				ENABLE_TESTABILITY = YES;
				GCC_C_LANGUAGE_STANDARD = gnu11;
				GCC_DYNAMIC_NO_PIC = NO;
				GCC_NO_COMMON_BLOCKS = YES;
				GCC_OPTIMIZATION_LEVEL = 0;
				GCC_PREPROCESSOR_DEFINITIONS = (
					"DEBUG=1",
					"$(inherited)",
				);
				GCC_WARN_64_TO_32_BIT_CONVERSION = YES;
				GCC_WARN_ABOUT_RETURN_TYPE = YES_ERROR;
				GCC_WARN_UNDECLARED_SELECTOR = YES;
				GCC_WARN_UNINITIALIZED_AUTOS = YES_AGGRESSIVE;
				GCC_WARN_UNUSED_FUNCTION = YES;
				GCC_WARN_UNUSED_VARIABLE = YES;
				IPHONEOS_DEPLOYMENT_TARGET = 16.0;
				MTL_ENABLE_DEBUG_INFO = INCLUDE_SOURCE;
				MTL_FAST_MATH = YES;
				ONLY_ACTIVE_ARCH = YES;
				SDKROOT = iphoneos;
				SWIFT_ACTIVE_COMPILATION_CONDITIONS = DEBUG;
				SWIFT_OPTIMIZATION_LEVEL = "-Onone";
			};
			name = Debug;
		};
		427E892428E420EB00BE21D5 /* Release */ = {
			isa = XCBuildConfiguration;
			buildSettings = {
				ALWAYS_SEARCH_USER_PATHS = NO;
				CLANG_ANALYZER_NONNULL = YES;
				CLANG_ANALYZER_NUMBER_OBJECT_CONVERSION = YES_AGGRESSIVE;
				CLANG_CXX_LANGUAGE_STANDARD = "gnu++20";
				CLANG_ENABLE_MODULES = YES;
				CLANG_ENABLE_OBJC_ARC = YES;
				CLANG_ENABLE_OBJC_WEAK = YES;
				CLANG_WARN_BLOCK_CAPTURE_AUTORELEASING = YES;
				CLANG_WARN_BOOL_CONVERSION = YES;
				CLANG_WARN_COMMA = YES;
				CLANG_WARN_CONSTANT_CONVERSION = YES;
				CLANG_WARN_DEPRECATED_OBJC_IMPLEMENTATIONS = YES;
				CLANG_WARN_DIRECT_OBJC_ISA_USAGE = YES_ERROR;
				CLANG_WARN_DOCUMENTATION_COMMENTS = YES;
				CLANG_WARN_EMPTY_BODY = YES;
				CLANG_WARN_ENUM_CONVERSION = YES;
				CLANG_WARN_INFINITE_RECURSION = YES;
				CLANG_WARN_INT_CONVERSION = YES;
				CLANG_WARN_NON_LITERAL_NULL_CONVERSION = YES;
				CLANG_WARN_OBJC_IMPLICIT_RETAIN_SELF = YES;
				CLANG_WARN_OBJC_LITERAL_CONVERSION = YES;
				CLANG_WARN_OBJC_ROOT_CLASS = YES_ERROR;
				CLANG_WARN_QUOTED_INCLUDE_IN_FRAMEWORK_HEADER = YES;
				CLANG_WARN_RANGE_LOOP_ANALYSIS = YES;
				CLANG_WARN_STRICT_PROTOTYPES = YES;
				CLANG_WARN_SUSPICIOUS_MOVE = YES;
				CLANG_WARN_UNGUARDED_AVAILABILITY = YES_AGGRESSIVE;
				CLANG_WARN_UNREACHABLE_CODE = YES;
				CLANG_WARN__DUPLICATE_METHOD_MATCH = YES;
				COPY_PHASE_STRIP = NO;
				DEBUG_INFORMATION_FORMAT = "dwarf-with-dsym";
				ENABLE_NS_ASSERTIONS = NO;
				ENABLE_STRICT_OBJC_MSGSEND = YES;
				GCC_C_LANGUAGE_STANDARD = gnu11;
				GCC_NO_COMMON_BLOCKS = YES;
				GCC_WARN_64_TO_32_BIT_CONVERSION = YES;
				GCC_WARN_ABOUT_RETURN_TYPE = YES_ERROR;
				GCC_WARN_UNDECLARED_SELECTOR = YES;
				GCC_WARN_UNINITIALIZED_AUTOS = YES_AGGRESSIVE;
				GCC_WARN_UNUSED_FUNCTION = YES;
				GCC_WARN_UNUSED_VARIABLE = YES;
				IPHONEOS_DEPLOYMENT_TARGET = 16.0;
				MTL_ENABLE_DEBUG_INFO = NO;
				MTL_FAST_MATH = YES;
				SDKROOT = iphoneos;
				SWIFT_COMPILATION_MODE = wholemodule;
				SWIFT_OPTIMIZATION_LEVEL = "-O";
				VALIDATE_PRODUCT = YES;
			};
			name = Release;
		};
		427E892628E420EB00BE21D5 /* Debug */ = {
			isa = XCBuildConfiguration;
			buildSettings = {
				ASSETCATALOG_COMPILER_APPICON_NAME = AppIcon;
				ASSETCATALOG_COMPILER_GLOBAL_ACCENT_COLOR_NAME = AccentColor;
				CODE_SIGN_STYLE = Automatic;
				CURRENT_PROJECT_VERSION = 1;
				DEVELOPMENT_TEAM = RED6A6AM28;
				GENERATE_INFOPLIST_FILE = YES;
				INFOPLIST_FILE = IGApp/Info.plist;
				INFOPLIST_KEY_UIApplicationSupportsIndirectInputEvents = YES;
				INFOPLIST_KEY_UILaunchStoryboardName = LaunchScreen;
				INFOPLIST_KEY_UIMainStoryboardFile = Main;
				INFOPLIST_KEY_UISupportedInterfaceOrientations_iPad = "UIInterfaceOrientationPortrait UIInterfaceOrientationPortraitUpsideDown UIInterfaceOrientationLandscapeLeft UIInterfaceOrientationLandscapeRight";
				INFOPLIST_KEY_UISupportedInterfaceOrientations_iPhone = "UIInterfaceOrientationPortrait UIInterfaceOrientationLandscapeLeft UIInterfaceOrientationLandscapeRight";
				LD_RUNPATH_SEARCH_PATHS = (
					"$(inherited)",
					"@executable_path/Frameworks",
				);
				MARKETING_VERSION = 1.0;
				PRODUCT_BUNDLE_IDENTIFIER = "croc0909-gmail.com.IGApp";
				PRODUCT_NAME = "$(TARGET_NAME)";
				SWIFT_EMIT_LOC_STRINGS = YES;
				SWIFT_VERSION = 5.0;
				TARGETED_DEVICE_FAMILY = "1,2";
			};
			name = Debug;
		};
		427E892728E420EB00BE21D5 /* Release */ = {
			isa = XCBuildConfiguration;
			buildSettings = {
				ASSETCATALOG_COMPILER_APPICON_NAME = AppIcon;
				ASSETCATALOG_COMPILER_GLOBAL_ACCENT_COLOR_NAME = AccentColor;
				CODE_SIGN_STYLE = Automatic;
				CURRENT_PROJECT_VERSION = 1;
				DEVELOPMENT_TEAM = RED6A6AM28;
				GENERATE_INFOPLIST_FILE = YES;
				INFOPLIST_FILE = IGApp/Info.plist;
				INFOPLIST_KEY_UIApplicationSupportsIndirectInputEvents = YES;
				INFOPLIST_KEY_UILaunchStoryboardName = LaunchScreen;
				INFOPLIST_KEY_UIMainStoryboardFile = Main;
				INFOPLIST_KEY_UISupportedInterfaceOrientations_iPad = "UIInterfaceOrientationPortrait UIInterfaceOrientationPortraitUpsideDown UIInterfaceOrientationLandscapeLeft UIInterfaceOrientationLandscapeRight";
				INFOPLIST_KEY_UISupportedInterfaceOrientations_iPhone = "UIInterfaceOrientationPortrait UIInterfaceOrientationLandscapeLeft UIInterfaceOrientationLandscapeRight";
				LD_RUNPATH_SEARCH_PATHS = (
					"$(inherited)",
					"@executable_path/Frameworks",
				);
				MARKETING_VERSION = 1.0;
				PRODUCT_BUNDLE_IDENTIFIER = "croc0909-gmail.com.IGApp";
				PRODUCT_NAME = "$(TARGET_NAME)";
				SWIFT_EMIT_LOC_STRINGS = YES;
				SWIFT_VERSION = 5.0;
				TARGETED_DEVICE_FAMILY = "1,2";
			};
			name = Release;
		};
/* End XCBuildConfiguration section */

/* Begin XCConfigurationList section */
		427E890928E420E900BE21D5 /* Build configuration list for PBXProject "IGApp" */ = {
			isa = XCConfigurationList;
			buildConfigurations = (
				427E892328E420EB00BE21D5 /* Debug */,
				427E892428E420EB00BE21D5 /* Release */,
			);
			defaultConfigurationIsVisible = 0;
			defaultConfigurationName = Release;
		};
		427E892528E420EB00BE21D5 /* Build configuration list for PBXNativeTarget "IGApp" */ = {
			isa = XCConfigurationList;
			buildConfigurations = (
				427E892628E420EB00BE21D5 /* Debug */,
				427E892728E420EB00BE21D5 /* Release */,
			);
			defaultConfigurationIsVisible = 0;
			defaultConfigurationName = Release;
		};
/* End XCConfigurationList section */

/* Begin XCRemoteSwiftPackageReference section */
		42B1143C28EE77BB0012DF03 /* XCRemoteSwiftPackageReference "Kingfisher" */ = {
			isa = XCRemoteSwiftPackageReference;
			repositoryURL = "https://github.com/onevcat/Kingfisher";
			requirement = {
				branch = master;
				kind = branch;
			};
		};
/* End XCRemoteSwiftPackageReference section */

/* Begin XCSwiftPackageProductDependency section */
		42B1143D28EE77BB0012DF03 /* Kingfisher */ = {
			isa = XCSwiftPackageProductDependency;
			package = 42B1143C28EE77BB0012DF03 /* XCRemoteSwiftPackageReference "Kingfisher" */;
			productName = Kingfisher;
		};
/* End XCSwiftPackageProductDependency section */

/* Begin XCVersionGroup section */
		427E891A28E420E900BE21D5 /* IGApp.xcdatamodeld */ = {
			isa = XCVersionGroup;
			children = (
				427E891B28E420E900BE21D5 /* IGApp.xcdatamodel */,
			);
			currentVersion = 427E891B28E420E900BE21D5 /* IGApp.xcdatamodel */;
			path = IGApp.xcdatamodeld;
			sourceTree = "<group>";
			versionGroupType = wrapper.xcdatamodel;
		};
/* End XCVersionGroup section */
	};
	rootObject = 427E890628E420E900BE21D5 /* Project object */;
}
